// !$*UTF8*$!
{
	archiveVersion = 1;
	classes = {
	};
	objectVersion = 56;
	objects = {

/* Begin PBXBuildFile section */
		8D70A41F2926B58F006E9330 /* MakeMeLikeApp.swift in Sources */ = {isa = PBXBuildFile; fileRef = 8D70A41E2926B58F006E9330 /* MakeMeLikeApp.swift */; };
		8D70A4212926B58F006E9330 /* HomeView.swift in Sources */ = {isa = PBXBuildFile; fileRef = 8D70A4202926B58F006E9330 /* HomeView.swift */; };
		8D70A4232926B58F006E9330 /* Assets.xcassets in Resources */ = {isa = PBXBuildFile; fileRef = 8D70A4222926B58F006E9330 /* Assets.xcassets */; };
		8D70A4262926B58F006E9330 /* Preview Assets.xcassets in Resources */ = {isa = PBXBuildFile; fileRef = 8D70A4252926B58F006E9330 /* Preview Assets.xcassets */; };
		8D70A42E2926B5D0006E9330 /* HomeViewViewModel.swift in Sources */ = {isa = PBXBuildFile; fileRef = 8D70A42D2926B5D0006E9330 /* HomeViewViewModel.swift */; };
		8D70A4302926BC79006E9330 /* DalliEImageGenerator.swift in Sources */ = {isa = PBXBuildFile; fileRef = 8D70A42F2926BC79006E9330 /* DalliEImageGenerator.swift */; };
		8D70A4332926C592006E9330 /* ModerationPassModel.swift in Sources */ = {isa = PBXBuildFile; fileRef = 8D70A4322926C592006E9330 /* ModerationPassModel.swift */; };
		8D70A4352926CC57006E9330 /* ImageGenerationResponseModel.swift in Sources */ = {isa = PBXBuildFile; fileRef = 8D70A4342926CC57006E9330 /* ImageGenerationResponseModel.swift */; };
		8D70A4382926D6D6006E9330 /* KeyChain.swift in Sources */ = {isa = PBXBuildFile; fileRef = 8D70A4372926D6D6006E9330 /* KeyChain.swift */; };
		8DE12EF0292CB384000FE38F /* DataManager.swift in Sources */ = {isa = PBXBuildFile; fileRef = 8DE12EEF292CB384000FE38F /* DataManager.swift */; };
/* End PBXBuildFile section */

/* Begin PBXFileReference section */
		8D70A41B2926B58F006E9330 /* MakeMeLike.app */ = {isa = PBXFileReference; explicitFileType = wrapper.application; includeInIndex = 0; path = MakeMeLike.app; sourceTree = BUILT_PRODUCTS_DIR; };
		8D70A41E2926B58F006E9330 /* MakeMeLikeApp.swift */ = {isa = PBXFileReference; lastKnownFileType = sourcecode.swift; path = MakeMeLikeApp.swift; sourceTree = "<group>"; };
		8D70A4202926B58F006E9330 /* HomeView.swift */ = {isa = PBXFileReference; lastKnownFileType = sourcecode.swift; path = HomeView.swift; sourceTree = "<group>"; };
		8D70A4222926B58F006E9330 /* Assets.xcassets */ = {isa = PBXFileReference; lastKnownFileType = folder.assetcatalog; path = Assets.xcassets; sourceTree = "<group>"; };
		8D70A4252926B58F006E9330 /* Preview Assets.xcassets */ = {isa = PBXFileReference; lastKnownFileType = folder.assetcatalog; path = "Preview Assets.xcassets"; sourceTree = "<group>"; };
		8D70A42D2926B5D0006E9330 /* HomeViewViewModel.swift */ = {isa = PBXFileReference; lastKnownFileType = sourcecode.swift; path = HomeViewViewModel.swift; sourceTree = "<group>"; };
		8D70A42F2926BC79006E9330 /* DalliEImageGenerator.swift */ = {isa = PBXFileReference; lastKnownFileType = sourcecode.swift; path = DalliEImageGenerator.swift; sourceTree = "<group>"; };
		8D70A4322926C592006E9330 /* ModerationPassModel.swift */ = {isa = PBXFileReference; lastKnownFileType = sourcecode.swift; path = ModerationPassModel.swift; sourceTree = "<group>"; };
		8D70A4342926CC57006E9330 /* ImageGenerationResponseModel.swift */ = {isa = PBXFileReference; lastKnownFileType = sourcecode.swift; path = ImageGenerationResponseModel.swift; sourceTree = "<group>"; };
		8D70A4372926D6D6006E9330 /* KeyChain.swift */ = {isa = PBXFileReference; lastKnownFileType = sourcecode.swift; path = KeyChain.swift; sourceTree = "<group>"; };
		8DE12EEF292CB384000FE38F /* DataManager.swift */ = {isa = PBXFileReference; lastKnownFileType = sourcecode.swift; path = DataManager.swift; sourceTree = "<group>"; };
/* End PBXFileReference section */

/* Begin PBXFrameworksBuildPhase section */
		8D70A4182926B58F006E9330 /* Frameworks */ = {
			isa = PBXFrameworksBuildPhase;
			buildActionMask = 2147483647;
			files = (
			);
			runOnlyForDeploymentPostprocessing = 0;
		};
/* End PBXFrameworksBuildPhase section */

/* Begin PBXGroup section */
		8D70A4122926B58F006E9330 = {
			isa = PBXGroup;
			children = (
				8D70A41D2926B58F006E9330 /* MakeMeLike */,
				8D70A41C2926B58F006E9330 /* Products */,
			);
			sourceTree = "<group>";
		};
		8D70A41C2926B58F006E9330 /* Products */ = {
			isa = PBXGroup;
			children = (
				8D70A41B2926B58F006E9330 /* MakeMeLike.app */,
			);
			name = Products;
			sourceTree = "<group>";
		};
		8D70A41D2926B58F006E9330 /* MakeMeLike */ = {
			isa = PBXGroup;
			children = (
				8D70A41E2926B58F006E9330 /* MakeMeLikeApp.swift */,
				8D70A4362926D0DF006E9330 /* Models */,
				8D70A42C2926B5AC006E9330 /* Home */,
				8D70A4312926BC85006E9330 /* Services */,
				8D70A4222926B58F006E9330 /* Assets.xcassets */,
				8D70A4242926B58F006E9330 /* Preview Content */,
			);
			path = MakeMeLike;
			sourceTree = "<group>";
		};
		8D70A4242926B58F006E9330 /* Preview Content */ = {
			isa = PBXGroup;
			children = (
				8D70A4252926B58F006E9330 /* Preview Assets.xcassets */,
			);
			path = "Preview Content";
			sourceTree = "<group>";
		};
		8D70A42C2926B5AC006E9330 /* Home */ = {
			isa = PBXGroup;
			children = (
				8D70A4202926B58F006E9330 /* HomeView.swift */,
				8D70A42D2926B5D0006E9330 /* HomeViewViewModel.swift */,
			);
			path = Home;
			sourceTree = "<group>";
		};
		8D70A4312926BC85006E9330 /* Services */ = {
			isa = PBXGroup;
			children = (
				8D70A42F2926BC79006E9330 /* DalliEImageGenerator.swift */,
				8DE12EEF292CB384000FE38F /* DataManager.swift */,
				8D70A4372926D6D6006E9330 /* KeyChain.swift */,
			);
			path = Services;
			sourceTree = "<group>";
		};
		8D70A4362926D0DF006E9330 /* Models */ = {
			isa = PBXGroup;
			children = (
				8D70A4322926C592006E9330 /* ModerationPassModel.swift */,
				8D70A4342926CC57006E9330 /* ImageGenerationResponseModel.swift */,
			);
			path = Models;
			sourceTree = "<group>";
		};
/* End PBXGroup section */

/* Begin PBXNativeTarget section */
		8D70A41A2926B58F006E9330 /* MakeMeLike */ = {
			isa = PBXNativeTarget;
			buildConfigurationList = 8D70A4292926B58F006E9330 /* Build configuration list for PBXNativeTarget "MakeMeLike" */;
			buildPhases = (
				8D70A4172926B58F006E9330 /* Sources */,
				8D70A4182926B58F006E9330 /* Frameworks */,
				8D70A4192926B58F006E9330 /* Resources */,
			);
			buildRules = (
			);
			dependencies = (
			);
			name = MakeMeLike;
			productName = MakeMeLike;
			productReference = 8D70A41B2926B58F006E9330 /* MakeMeLike.app */;
			productType = "com.apple.product-type.application";
		};
/* End PBXNativeTarget section */

/* Begin PBXProject section */
		8D70A4132926B58F006E9330 /* Project object */ = {
			isa = PBXProject;
			attributes = {
				BuildIndependentTargetsInParallel = 1;
				LastSwiftUpdateCheck = 1400;
				LastUpgradeCheck = 1400;
				TargetAttributes = {
					8D70A41A2926B58F006E9330 = {
						CreatedOnToolsVersion = 14.0;
					};
				};
			};
			buildConfigurationList = 8D70A4162926B58F006E9330 /* Build configuration list for PBXProject "MakeMeLike" */;
			compatibilityVersion = "Xcode 14.0";
			developmentRegion = en;
			hasScannedForEncodings = 0;
			knownRegions = (
				en,
				Base,
			);
			mainGroup = 8D70A4122926B58F006E9330;
			productRefGroup = 8D70A41C2926B58F006E9330 /* Products */;
			projectDirPath = "";
			projectRoot = "";
			targets = (
				8D70A41A2926B58F006E9330 /* MakeMeLike */,
			);
		};
/* End PBXProject section */

/* Begin PBXResourcesBuildPhase section */
		8D70A4192926B58F006E9330 /* Resources */ = {
			isa = PBXResourcesBuildPhase;
			buildActionMask = 2147483647;
			files = (
				8D70A4262926B58F006E9330 /* Preview Assets.xcassets in Resources */,
				8D70A4232926B58F006E9330 /* Assets.xcassets in Resources */,
			);
			runOnlyForDeploymentPostprocessing = 0;
		};
/* End PBXResourcesBuildPhase section */

/* Begin PBXSourcesBuildPhase section */
		8D70A4172926B58F006E9330 /* Sources */ = {
			isa = PBXSourcesBuildPhase;
			buildActionMask = 2147483647;
			files = (
				8D70A4212926B58F006E9330 /* HomeView.swift in Sources */,
				8DE12EF0292CB384000FE38F /* DataManager.swift in Sources */,
				8D70A42E2926B5D0006E9330 /* HomeViewViewModel.swift in Sources */,
				8D70A4352926CC57006E9330 /* ImageGenerationResponseModel.swift in Sources */,
				8D70A4302926BC79006E9330 /* DalliEImageGenerator.swift in Sources */,
				8D70A4382926D6D6006E9330 /* KeyChain.swift in Sources */,
				8D70A41F2926B58F006E9330 /* MakeMeLikeApp.swift in Sources */,
				8D70A4332926C592006E9330 /* ModerationPassModel.swift in Sources */,
			);
			runOnlyForDeploymentPostprocessing = 0;
		};
/* End PBXSourcesBuildPhase section */

/* Begin XCBuildConfiguration section */
		8D70A4272926B58F006E9330 /* Debug */ = {
			isa = XCBuildConfiguration;
			buildSettings = {
				ALWAYS_SEARCH_USER_PATHS = NO;
				CLANG_ANALYZER_NONNULL = YES;
				CLANG_ANALYZER_NUMBER_OBJECT_CONVERSION = YES_AGGRESSIVE;
				CLANG_CXX_LANGUAGE_STANDARD = "gnu++20";
				CLANG_ENABLE_MODULES = YES;
				CLANG_ENABLE_OBJC_ARC = YES;
				CLANG_ENABLE_OBJC_WEAK = YES;
				CLANG_WARN_BLOCK_CAPTURE_AUTORELEASING = YES;
				CLANG_WARN_BOOL_CONVERSION = YES;
				CLANG_WARN_COMMA = YES;
				CLANG_WARN_CONSTANT_CONVERSION = YES;
				CLANG_WARN_DEPRECATED_OBJC_IMPLEMENTATIONS = YES;
				CLANG_WARN_DIRECT_OBJC_ISA_USAGE = YES_ERROR;
				CLANG_WARN_DOCUMENTATION_COMMENTS = YES;
				CLANG_WARN_EMPTY_BODY = YES;
				CLANG_WARN_ENUM_CONVERSION = YES;
				CLANG_WARN_INFINITE_RECURSION = YES;
				CLANG_WARN_INT_CONVERSION = YES;
				CLANG_WARN_NON_LITERAL_NULL_CONVERSION = YES;
				CLANG_WARN_OBJC_IMPLICIT_RETAIN_SELF = YES;
				CLANG_WARN_OBJC_LITERAL_CONVERSION = YES;
				CLANG_WARN_OBJC_ROOT_CLASS = YES_ERROR;
				CLANG_WARN_QUOTED_INCLUDE_IN_FRAMEWORK_HEADER = YES;
				CLANG_WARN_RANGE_LOOP_ANALYSIS = YES;
				CLANG_WARN_STRICT_PROTOTYPES = YES;
				CLANG_WARN_SUSPICIOUS_MOVE = YES;
				CLANG_WARN_UNGUARDED_AVAILABILITY = YES_AGGRESSIVE;
				CLANG_WARN_UNREACHABLE_CODE = YES;
				CLANG_WARN__DUPLICATE_METHOD_MATCH = YES;
				COPY_PHASE_STRIP = NO;
				DEBUG_INFORMATION_FORMAT = dwarf;
				ENABLE_STRICT_OBJC_MSGSEND = YES;
				ENABLE_TESTABILITY = YES;
				GCC_C_LANGUAGE_STANDARD = gnu11;
				GCC_DYNAMIC_NO_PIC = NO;
				GCC_NO_COMMON_BLOCKS = YES;
				GCC_OPTIMIZATION_LEVEL = 0;
				GCC_PREPROCESSOR_DEFINITIONS = (
					"DEBUG=1",
					"$(inherited)",
				);
				GCC_WARN_64_TO_32_BIT_CONVERSION = YES;
				GCC_WARN_ABOUT_RETURN_TYPE = YES_ERROR;
				GCC_WARN_UNDECLARED_SELECTOR = YES;
				GCC_WARN_UNINITIALIZED_AUTOS = YES_AGGRESSIVE;
				GCC_WARN_UNUSED_FUNCTION = YES;
				GCC_WARN_UNUSED_VARIABLE = YES;
				IPHONEOS_DEPLOYMENT_TARGET = 16.0;
				MTL_ENABLE_DEBUG_INFO = INCLUDE_SOURCE;
				MTL_FAST_MATH = YES;
				ONLY_ACTIVE_ARCH = YES;
				SDKROOT = iphoneos;
				SWIFT_ACTIVE_COMPILATION_CONDITIONS = DEBUG;
				SWIFT_OPTIMIZATION_LEVEL = "-Onone";
			};
			name = Debug;
		};
		8D70A4282926B58F006E9330 /* Release */ = {
			isa = XCBuildConfiguration;
			buildSettings = {
				ALWAYS_SEARCH_USER_PATHS = NO;
				CLANG_ANALYZER_NONNULL = YES;
				CLANG_ANALYZER_NUMBER_OBJECT_CONVERSION = YES_AGGRESSIVE;
				CLANG_CXX_LANGUAGE_STANDARD = "gnu++20";
				CLANG_ENABLE_MODULES = YES;
				CLANG_ENABLE_OBJC_ARC = YES;
				CLANG_ENABLE_OBJC_WEAK = YES;
				CLANG_WARN_BLOCK_CAPTURE_AUTORELEASING = YES;
				CLANG_WARN_BOOL_CONVERSION = YES;
				CLANG_WARN_COMMA = YES;
				CLANG_WARN_CONSTANT_CONVERSION = YES;
				CLANG_WARN_DEPRECATED_OBJC_IMPLEMENTATIONS = YES;
				CLANG_WARN_DIRECT_OBJC_ISA_USAGE = YES_ERROR;
				CLANG_WARN_DOCUMENTATION_COMMENTS = YES;
				CLANG_WARN_EMPTY_BODY = YES;
				CLANG_WARN_ENUM_CONVERSION = YES;
				CLANG_WARN_INFINITE_RECURSION = YES;
				CLANG_WARN_INT_CONVERSION = YES;
				CLANG_WARN_NON_LITERAL_NULL_CONVERSION = YES;
				CLANG_WARN_OBJC_IMPLICIT_RETAIN_SELF = YES;
				CLANG_WARN_OBJC_LITERAL_CONVERSION = YES;
				CLANG_WARN_OBJC_ROOT_CLASS = YES_ERROR;
				CLANG_WARN_QUOTED_INCLUDE_IN_FRAMEWORK_HEADER = YES;
				CLANG_WARN_RANGE_LOOP_ANALYSIS = YES;
				CLANG_WARN_STRICT_PROTOTYPES = YES;
				CLANG_WARN_SUSPICIOUS_MOVE = YES;
				CLANG_WARN_UNGUARDED_AVAILABILITY = YES_AGGRESSIVE;
				CLANG_WARN_UNREACHABLE_CODE = YES;
				CLANG_WARN__DUPLICATE_METHOD_MATCH = YES;
				COPY_PHASE_STRIP = NO;
				DEBUG_INFORMATION_FORMAT = "dwarf-with-dsym";
				ENABLE_NS_ASSERTIONS = NO;
				ENABLE_STRICT_OBJC_MSGSEND = YES;
				GCC_C_LANGUAGE_STANDARD = gnu11;
				GCC_NO_COMMON_BLOCKS = YES;
				GCC_WARN_64_TO_32_BIT_CONVERSION = YES;
				GCC_WARN_ABOUT_RETURN_TYPE = YES_ERROR;
				GCC_WARN_UNDECLARED_SELECTOR = YES;
				GCC_WARN_UNINITIALIZED_AUTOS = YES_AGGRESSIVE;
				GCC_WARN_UNUSED_FUNCTION = YES;
				GCC_WARN_UNUSED_VARIABLE = YES;
				IPHONEOS_DEPLOYMENT_TARGET = 16.0;
				MTL_ENABLE_DEBUG_INFO = NO;
				MTL_FAST_MATH = YES;
				SDKROOT = iphoneos;
				SWIFT_COMPILATION_MODE = wholemodule;
				SWIFT_OPTIMIZATION_LEVEL = "-O";
				VALIDATE_PRODUCT = YES;
			};
			name = Release;
		};
		8D70A42A2926B58F006E9330 /* Debug */ = {
			isa = XCBuildConfiguration;
			buildSettings = {
				ASSETCATALOG_COMPILER_APPICON_NAME = AppIcon;
				ASSETCATALOG_COMPILER_GLOBAL_ACCENT_COLOR_NAME = AccentColor;
				CODE_SIGN_STYLE = Automatic;
				CURRENT_PROJECT_VERSION = 1;
				DEVELOPMENT_ASSET_PATHS = "\"MakeMeLike/Preview Content\"";
				DEVELOPMENT_TEAM = 79GHQ256TM;
				ENABLE_PREVIEWS = YES;
				GENERATE_INFOPLIST_FILE = YES;
				INFOPLIST_KEY_UIApplicationSceneManifest_Generation = YES;
				INFOPLIST_KEY_UIApplicationSupportsIndirectInputEvents = YES;
				INFOPLIST_KEY_UILaunchScreen_Generation = YES;
				INFOPLIST_KEY_UISupportedInterfaceOrientations_iPad = "UIInterfaceOrientationPortrait UIInterfaceOrientationPortraitUpsideDown UIInterfaceOrientationLandscapeLeft UIInterfaceOrientationLandscapeRight";
				INFOPLIST_KEY_UISupportedInterfaceOrientations_iPhone = "UIInterfaceOrientationPortrait UIInterfaceOrientationLandscapeLeft UIInterfaceOrientationLandscapeRight";
				LD_RUNPATH_SEARCH_PATHS = (
					"$(inherited)",
					"@executable_path/Frameworks",
				);
				MARKETING_VERSION = 1.0;
				PRODUCT_BUNDLE_IDENTIFIER = com.manev.mikhail.MakeMeLike;
				PRODUCT_NAME = "$(TARGET_NAME)";
				SWIFT_EMIT_LOC_STRINGS = YES;
				SWIFT_VERSION = 5.0;
				TARGETED_DEVICE_FAMILY = "1,2";
			};
			name = Debug;
		};
		8D70A42B2926B58F006E9330 /* Release */ = {
			isa = XCBuildConfiguration;
			buildSettings = {
				ASSETCATALOG_COMPILER_APPICON_NAME = AppIcon;
				ASSETCATALOG_COMPILER_GLOBAL_ACCENT_COLOR_NAME = AccentColor;
				CODE_SIGN_STYLE = Automatic;
				CURRENT_PROJECT_VERSION = 1;
				DEVELOPMENT_ASSET_PATHS = "\"MakeMeLike/Preview Content\"";
				DEVELOPMENT_TEAM = 79GHQ256TM;
				ENABLE_PREVIEWS = YES;
				GENERATE_INFOPLIST_FILE = YES;
				INFOPLIST_KEY_UIApplicationSceneManifest_Generation = YES;
				INFOPLIST_KEY_UIApplicationSupportsIndirectInputEvents = YES;
				INFOPLIST_KEY_UILaunchScreen_Generation = YES;
				INFOPLIST_KEY_UISupportedInterfaceOrientations_iPad = "UIInterfaceOrientationPortrait UIInterfaceOrientationPortraitUpsideDown UIInterfaceOrientationLandscapeLeft UIInterfaceOrientationLandscapeRight";
				INFOPLIST_KEY_UISupportedInterfaceOrientations_iPhone = "UIInterfaceOrientationPortrait UIInterfaceOrientationLandscapeLeft UIInterfaceOrientationLandscapeRight";
				LD_RUNPATH_SEARCH_PATHS = (
					"$(inherited)",
					"@executable_path/Frameworks",
				);
				MARKETING_VERSION = 1.0;
				PRODUCT_BUNDLE_IDENTIFIER = com.manev.mikhail.MakeMeLike;
				PRODUCT_NAME = "$(TARGET_NAME)";
				SWIFT_EMIT_LOC_STRINGS = YES;
				SWIFT_VERSION = 5.0;
				TARGETED_DEVICE_FAMILY = "1,2";
			};
			name = Release;
		};
/* End XCBuildConfiguration section */

/* Begin XCConfigurationList section */
		8D70A4162926B58F006E9330 /* Build configuration list for PBXProject "MakeMeLike" */ = {
			isa = XCConfigurationList;
			buildConfigurations = (
				8D70A4272926B58F006E9330 /* Debug */,
				8D70A4282926B58F006E9330 /* Release */,
			);
			defaultConfigurationIsVisible = 0;
			defaultConfigurationName = Release;
		};
		8D70A4292926B58F006E9330 /* Build configuration list for PBXNativeTarget "MakeMeLike" */ = {
			isa = XCConfigurationList;
			buildConfigurations = (
				8D70A42A2926B58F006E9330 /* Debug */,
				8D70A42B2926B58F006E9330 /* Release */,
			);
			defaultConfigurationIsVisible = 0;
			defaultConfigurationName = Release;
		};
/* End XCConfigurationList section */
	};
	rootObject = 8D70A4132926B58F006E9330 /* Project object */;
}
